
Microsoft Visual Studio Solution File, Format Version 12.00
# Visual Studio Version 17
VisualStudioVersion = 17.10.34928.147
MinimumVisualStudioVersion = 10.0.40219.1
Project("{FAE04EC0-301F-11D3-BF4B-00C04F79EFBC}") = "KnigiVBiblioteka", "KnigiVBiblioteka\KnigiVBiblioteka.csproj", "{CA2A1A3D-CAA4-481C-8E68-4796EE7F7B33}"
EndProject
Global
	GlobalSection(SolutionConfigurationPlatforms) = preSolution
		Debug|Any CPU = Debug|Any CPU
		Release|Any CPU = Release|Any CPU
	EndGlobalSection
	GlobalSection(ProjectConfigurationPlatforms) = postSolution
		{CA2A1A3D-CAA4-481C-8E68-4796EE7F7B33}.Debug|Any CPU.ActiveCfg = Debug|Any CPU
		{CA2A1A3D-CAA4-481C-8E68-4796EE7F7B33}.Debug|Any CPU.Build.0 = Debug|Any CPU
		{CA2A1A3D-CAA4-481C-8E68-4796EE7F7B33}.Release|Any CPU.ActiveCfg = Release|Any CPU
		{CA2A1A3D-CAA4-481C-8E68-4796EE7F7B33}.Release|Any CPU.Build.0 = Release|Any CPU
	EndGlobalSection
	GlobalSection(SolutionProperties) = preSolution
		HideSolutionNode = FALSE
	EndGlobalSection
	GlobalSection(ExtensibilityGlobals) = postSolution
		SolutionGuid = {AF7EA2BD-F00B-4ED4-8CBC-0432BE9FC470}
	EndGlobalSection
EndGlobal
